
Microsoft Visual Studio Solution File, Format Version 12.00
# Visual Studio Version 17
VisualStudioVersion = 17.11.35312.102
MinimumVisualStudioVersion = 10.0.40219.1
Project("{FAE04EC0-301F-11D3-BF4B-00C04F79EFBC}") = "Maui_app9", "Maui_app9.csproj", "{631DD92C-9A85-4147-A659-5FE30E6BF08E}"
EndProject
Global
	GlobalSection(SolutionConfigurationPlatforms) = preSolution
		Debug|Any CPU = Debug|Any CPU
		Release|Any CPU = Release|Any CPU
	EndGlobalSection
	GlobalSection(ProjectConfigurationPlatforms) = postSolution
		{631DD92C-9A85-4147-A659-5FE30E6BF08E}.Debug|Any CPU.ActiveCfg = Debug|Any CPU
		{631DD92C-9A85-4147-A659-5FE30E6BF08E}.Debug|Any CPU.Build.0 = Debug|Any CPU
		{631DD92C-9A85-4147-A659-5FE30E6BF08E}.Debug|Any CPU.Deploy.0 = Debug|Any CPU
		{631DD92C-9A85-4147-A659-5FE30E6BF08E}.Release|Any CPU.ActiveCfg = Release|Any CPU
		{631DD92C-9A85-4147-A659-5FE30E6BF08E}.Release|Any CPU.Build.0 = Release|Any CPU
		{631DD92C-9A85-4147-A659-5FE30E6BF08E}.Release|Any CPU.Deploy.0 = Release|Any CPU
	EndGlobalSection
	GlobalSection(SolutionProperties) = preSolution
		HideSolutionNode = FALSE
	EndGlobalSection
	GlobalSection(ExtensibilityGlobals) = postSolution
		SolutionGuid = {3B453706-DCF4-4951-B41C-1BF7017AAE22}
	EndGlobalSection
EndGlobal
